
Microsoft Visual Studio Solution File, Format Version 12.00
# Visual Studio Version 17
VisualStudioVersion = 17.2.32602.215
MinimumVisualStudioVersion = 10.0.40219.1
Project("{9A19103F-16F7-4668-BE54-9A1E7A4F7556}") = "OnRepeatSaver.Implementation", "OnRepeatSaver.Implementation\OnRepeatSaver.Implementation.csproj", "{31C61607-A4A8-4F99-B04D-19131C0A3B78}"
EndProject
Project("{9A19103F-16F7-4668-BE54-9A1E7A4F7556}") = "OnRepeatSaver.Runner", "OnRepeatSaver.Runner\OnRepeatSaver.Runner.csproj", "{8DF642E9-52AC-4B0B-8B57-6CBBE69115BF}"
EndProject
Project("{9A19103F-16F7-4668-BE54-9A1E7A4F7556}") = "OnRepeatSaver.Policy", "OnRepeatSaver.Policy\OnRepeatSaver.Policy.csproj", "{5971034A-A573-4DB7-8750-44EDB2F591AE}"
EndProject
Global
	GlobalSection(SolutionConfigurationPlatforms) = preSolution
		Debug|Any CPU = Debug|Any CPU
		Release|Any CPU = Release|Any CPU
	EndGlobalSection
	GlobalSection(ProjectConfigurationPlatforms) = postSolution
		{31C61607-A4A8-4F99-B04D-19131C0A3B78}.Debug|Any CPU.ActiveCfg = Debug|Any CPU
		{31C61607-A4A8-4F99-B04D-19131C0A3B78}.Debug|Any CPU.Build.0 = Debug|Any CPU
		{31C61607-A4A8-4F99-B04D-19131C0A3B78}.Release|Any CPU.ActiveCfg = Release|Any CPU
		{31C61607-A4A8-4F99-B04D-19131C0A3B78}.Release|Any CPU.Build.0 = Release|Any CPU
		{8DF642E9-52AC-4B0B-8B57-6CBBE69115BF}.Debug|Any CPU.ActiveCfg = Debug|Any CPU
		{8DF642E9-52AC-4B0B-8B57-6CBBE69115BF}.Debug|Any CPU.Build.0 = Debug|Any CPU
		{8DF642E9-52AC-4B0B-8B57-6CBBE69115BF}.Release|Any CPU.ActiveCfg = Release|Any CPU
		{8DF642E9-52AC-4B0B-8B57-6CBBE69115BF}.Release|Any CPU.Build.0 = Release|Any CPU
		{5971034A-A573-4DB7-8750-44EDB2F591AE}.Debug|Any CPU.ActiveCfg = Debug|Any CPU
		{5971034A-A573-4DB7-8750-44EDB2F591AE}.Debug|Any CPU.Build.0 = Debug|Any CPU
		{5971034A-A573-4DB7-8750-44EDB2F591AE}.Release|Any CPU.ActiveCfg = Release|Any CPU
		{5971034A-A573-4DB7-8750-44EDB2F591AE}.Release|Any CPU.Build.0 = Release|Any CPU
	EndGlobalSection
	GlobalSection(SolutionProperties) = preSolution
		HideSolutionNode = FALSE
	EndGlobalSection
	GlobalSection(ExtensibilityGlobals) = postSolution
		SolutionGuid = {92E2DA29-669D-4315-9FCD-D3BCA9D00E2B}
	EndGlobalSection
EndGlobal
